
Microsoft Visual Studio Solution File, Format Version 12.00
# Visual Studio Version 17
VisualStudioVersion = 17.2.32616.157
MinimumVisualStudioVersion = 10.0.40219.1
Project("{FAE04EC0-301F-11D3-BF4B-00C04F79EFBC}") = "Odev_Degiskenler", "Odev_Degiskenler\Odev_Degiskenler.csproj", "{7F9811E0-3A55-492A-9C0E-537924B5BC6F}"
EndProject
Global
	GlobalSection(SolutionConfigurationPlatforms) = preSolution
		Debug|Any CPU = Debug|Any CPU
		Release|Any CPU = Release|Any CPU
	EndGlobalSection
	GlobalSection(ProjectConfigurationPlatforms) = postSolution
		{7F9811E0-3A55-492A-9C0E-537924B5BC6F}.Debug|Any CPU.ActiveCfg = Debug|Any CPU
		{7F9811E0-3A55-492A-9C0E-537924B5BC6F}.Debug|Any CPU.Build.0 = Debug|Any CPU
		{7F9811E0-3A55-492A-9C0E-537924B5BC6F}.Release|Any CPU.ActiveCfg = Release|Any CPU
		{7F9811E0-3A55-492A-9C0E-537924B5BC6F}.Release|Any CPU.Build.0 = Release|Any CPU
	EndGlobalSection
	GlobalSection(SolutionProperties) = preSolution
		HideSolutionNode = FALSE
	EndGlobalSection
	GlobalSection(ExtensibilityGlobals) = postSolution
		SolutionGuid = {003F25E7-E4ED-40A6-9315-74EACDEA6BAE}
	EndGlobalSection
EndGlobal
